
Microsoft Visual Studio Solution File, Format Version 12.00
# Visual Studio Version 16
VisualStudioVersion = 16.0.31911.196
MinimumVisualStudioVersion = 10.0.40219.1
Project("{9A19103F-16F7-4668-BE54-9A1E7A4F7556}") = "Shopping.Client", "Shopping.Client\Shopping.Client.csproj", "{2342A58F-3161-444A-89F6-F1330B7629F9}"
EndProject
Project("{9A19103F-16F7-4668-BE54-9A1E7A4F7556}") = "Shopping.API", "Shopping.API\Shopping.API.csproj", "{371E049D-5C7A-4288-9C98-FB41A29033D1}"
EndProject
Project("{E53339B2-1760-4266-BCC7-CA923CBCF16C}") = "docker-compose", "docker-compose.dcproj", "{E80509EA-32D5-4305-A978-52A747F05C02}"
EndProject
Global
	GlobalSection(SolutionConfigurationPlatforms) = preSolution
		Debug|Any CPU = Debug|Any CPU
		Release|Any CPU = Release|Any CPU
	EndGlobalSection
	GlobalSection(ProjectConfigurationPlatforms) = postSolution
		{2342A58F-3161-444A-89F6-F1330B7629F9}.Debug|Any CPU.ActiveCfg = Debug|Any CPU
		{2342A58F-3161-444A-89F6-F1330B7629F9}.Debug|Any CPU.Build.0 = Debug|Any CPU
		{2342A58F-3161-444A-89F6-F1330B7629F9}.Release|Any CPU.ActiveCfg = Release|Any CPU
		{2342A58F-3161-444A-89F6-F1330B7629F9}.Release|Any CPU.Build.0 = Release|Any CPU
		{371E049D-5C7A-4288-9C98-FB41A29033D1}.Debug|Any CPU.ActiveCfg = Debug|Any CPU
		{371E049D-5C7A-4288-9C98-FB41A29033D1}.Debug|Any CPU.Build.0 = Debug|Any CPU
		{371E049D-5C7A-4288-9C98-FB41A29033D1}.Release|Any CPU.ActiveCfg = Release|Any CPU
		{371E049D-5C7A-4288-9C98-FB41A29033D1}.Release|Any CPU.Build.0 = Release|Any CPU
		{E80509EA-32D5-4305-A978-52A747F05C02}.Debug|Any CPU.ActiveCfg = Debug|Any CPU
		{E80509EA-32D5-4305-A978-52A747F05C02}.Debug|Any CPU.Build.0 = Debug|Any CPU
		{E80509EA-32D5-4305-A978-52A747F05C02}.Release|Any CPU.ActiveCfg = Release|Any CPU
		{E80509EA-32D5-4305-A978-52A747F05C02}.Release|Any CPU.Build.0 = Release|Any CPU
	EndGlobalSection
	GlobalSection(SolutionProperties) = preSolution
		HideSolutionNode = FALSE
	EndGlobalSection
	GlobalSection(ExtensibilityGlobals) = postSolution
		SolutionGuid = {AC100E3E-97CE-40C2-A5B8-8023EF0C5E6B}
	EndGlobalSection
EndGlobal
